// !$*UTF8*$!
{
	archiveVersion = 1;
	classes = {
	};
	objectVersion = 48;
	objects = {

/* Begin PBXBuildFile section */
		92F81B9F1FE27702003DCA12 /* AppDelegate.swift in Sources */ = {isa = PBXBuildFile; fileRef = 92F81B9E1FE27702003DCA12 /* AppDelegate.swift */; };
		92F81BA11FE27702003DCA12 /* ViewController.swift in Sources */ = {isa = PBXBuildFile; fileRef = 92F81BA01FE27702003DCA12 /* ViewController.swift */; };
		92F81BA41FE27702003DCA12 /* Main.storyboard in Resources */ = {isa = PBXBuildFile; fileRef = 92F81BA21FE27702003DCA12 /* Main.storyboard */; };
		92F81BA61FE27702003DCA12 /* Assets.xcassets in Resources */ = {isa = PBXBuildFile; fileRef = 92F81BA51FE27702003DCA12 /* Assets.xcassets */; };
		92F81BA91FE27702003DCA12 /* LaunchScreen.storyboard in Resources */ = {isa = PBXBuildFile; fileRef = 92F81BA71FE27702003DCA12 /* LaunchScreen.storyboard */; };
/* End PBXBuildFile section */

/* Begin PBXFileReference section */
		92F81B9B1FE27702003DCA12 /* ObjectDetector2.app */ = {isa = PBXFileReference; explicitFileType = wrapper.application; includeInIndex = 0; path = ObjectDetector2.app; sourceTree = BUILT_PRODUCTS_DIR; };
		92F81B9E1FE27702003DCA12 /* AppDelegate.swift */ = {isa = PBXFileReference; lastKnownFileType = sourcecode.swift; path = AppDelegate.swift; sourceTree = "<group>"; };
		92F81BA01FE27702003DCA12 /* ViewController.swift */ = {isa = PBXFileReference; lastKnownFileType = sourcecode.swift; path = ViewController.swift; sourceTree = "<group>"; };
		92F81BA31FE27702003DCA12 /* Base */ = {isa = PBXFileReference; lastKnownFileType = file.storyboard; name = Base; path = Base.lproj/Main.storyboard; sourceTree = "<group>"; };
		92F81BA51FE27702003DCA12 /* Assets.xcassets */ = {isa = PBXFileReference; lastKnownFileType = folder.assetcatalog; path = Assets.xcassets; sourceTree = "<group>"; };
		92F81BA81FE27702003DCA12 /* Base */ = {isa = PBXFileReference; lastKnownFileType = file.storyboard; name = Base; path = Base.lproj/LaunchScreen.storyboard; sourceTree = "<group>"; };
		92F81BAA1FE27702003DCA12 /* Info.plist */ = {isa = PBXFileReference; lastKnownFileType = text.plist.xml; path = Info.plist; sourceTree = "<group>"; };
/* End PBXFileReference section */

/* Begin PBXFrameworksBuildPhase section */
		92F81B981FE27702003DCA12 /* Frameworks */ = {
			isa = PBXFrameworksBuildPhase;
			buildActionMask = 2147483647;
			files = (
			);
			runOnlyForDeploymentPostprocessing = 0;
		};
/* End PBXFrameworksBuildPhase section */

/* Begin PBXGroup section */
		92F81B921FE27702003DCA12 = {
			isa = PBXGroup;
			children = (
				92F81B9D1FE27702003DCA12 /* ObjectDetector2 */,
				92F81B9C1FE27702003DCA12 /* Products */,
			);
			sourceTree = "<group>";
		};
		92F81B9C1FE27702003DCA12 /* Products */ = {
			isa = PBXGroup;
			children = (
				92F81B9B1FE27702003DCA12 /* ObjectDetector2.app */,
			);
			name = Products;
			sourceTree = "<group>";
		};
		92F81B9D1FE27702003DCA12 /* ObjectDetector2 */ = {
			isa = PBXGroup;
			children = (
				92F81B9E1FE27702003DCA12 /* AppDelegate.swift */,
				92F81BA01FE27702003DCA12 /* ViewController.swift */,
				92F81BA21FE27702003DCA12 /* Main.storyboard */,
				92F81BA51FE27702003DCA12 /* Assets.xcassets */,
				92F81BA71FE27702003DCA12 /* LaunchScreen.storyboard */,
				92F81BAA1FE27702003DCA12 /* Info.plist */,
			);
			path = ObjectDetector2;
			sourceTree = "<group>";
		};
/* End PBXGroup section */

/* Begin PBXNativeTarget section */
		92F81B9A1FE27702003DCA12 /* ObjectDetector2 */ = {
			isa = PBXNativeTarget;
			buildConfigurationList = 92F81BAD1FE27702003DCA12 /* Build configuration list for PBXNativeTarget "ObjectDetector2" */;
			buildPhases = (
				92F81B971FE27702003DCA12 /* Sources */,
				92F81B981FE27702003DCA12 /* Frameworks */,
				92F81B991FE27702003DCA12 /* Resources */,
			);
			buildRules = (
			);
			dependencies = (
			);
			name = ObjectDetector2;
			productName = ObjectDetector2;
			productReference = 92F81B9B1FE27702003DCA12 /* ObjectDetector2.app */;
			productType = "com.apple.product-type.application";
		};
/* End PBXNativeTarget section */

/* Begin PBXProject section */
		92F81B931FE27702003DCA12 /* Project object */ = {
			isa = PBXProject;
			attributes = {
				LastSwiftUpdateCheck = 0920;
				LastUpgradeCheck = 0920;
				ORGANIZATIONNAME = "Telenor Capture AS";
				TargetAttributes = {
					92F81B9A1FE27702003DCA12 = {
						CreatedOnToolsVersion = 9.2;
						ProvisioningStyle = Automatic;
					};
				};
			};
			buildConfigurationList = 92F81B961FE27702003DCA12 /* Build configuration list for PBXProject "ObjectDetector2" */;
			compatibilityVersion = "Xcode 8.0";
			developmentRegion = en;
			hasScannedForEncodings = 0;
			knownRegions = (
				en,
				Base,
			);
			mainGroup = 92F81B921FE27702003DCA12;
			productRefGroup = 92F81B9C1FE27702003DCA12 /* Products */;
			projectDirPath = "";
			projectRoot = "";
			targets = (
				92F81B9A1FE27702003DCA12 /* ObjectDetector2 */,
			);
		};
/* End PBXProject section */

/* Begin PBXResourcesBuildPhase section */
		92F81B991FE27702003DCA12 /* Resources */ = {
			isa = PBXResourcesBuildPhase;
			buildActionMask = 2147483647;
			files = (
				92F81BA91FE27702003DCA12 /* LaunchScreen.storyboard in Resources */,
				92F81BA61FE27702003DCA12 /* Assets.xcassets in Resources */,
				92F81BA41FE27702003DCA12 /* Main.storyboard in Resources */,
			);
			runOnlyForDeploymentPostprocessing = 0;
		};
/* End PBXResourcesBuildPhase section */

/* Begin PBXSourcesBuildPhase section */
		92F81B971FE27702003DCA12 /* Sources */ = {
			isa = PBXSourcesBuildPhase;
			buildActionMask = 2147483647;
			files = (
				92F81BA11FE27702003DCA12 /* ViewController.swift in Sources */,
				92F81B9F1FE27702003DCA12 /* AppDelegate.swift in Sources */,
			);
			runOnlyForDeploymentPostprocessing = 0;
		};
/* End PBXSourcesBuildPhase section */

/* Begin PBXVariantGroup section */
		92F81BA21FE27702003DCA12 /* Main.storyboard */ = {
			isa = PBXVariantGroup;
			children = (
				92F81BA31FE27702003DCA12 /* Base */,
			);
			name = Main.storyboard;
			sourceTree = "<group>";
		};
		92F81BA71FE27702003DCA12 /* LaunchScreen.storyboard */ = {
			isa = PBXVariantGroup;
			children = (
				92F81BA81FE27702003DCA12 /* Base */,
			);
			name = LaunchScreen.storyboard;
			sourceTree = "<group>";
		};
/* End PBXVariantGroup section */

/* Begin XCBuildConfiguration section */
		92F81BAB1FE27702003DCA12 /* Debug */ = {
			isa = XCBuildConfiguration;
			buildSettings = {
				ALWAYS_SEARCH_USER_PATHS = NO;
				CLANG_ANALYZER_NONNULL = YES;
				CLANG_ANALYZER_NUMBER_OBJECT_CONVERSION = YES_AGGRESSIVE;
				CLANG_CXX_LANGUAGE_STANDARD = "gnu++14";
				CLANG_CXX_LIBRARY = "libc++";
				CLANG_ENABLE_MODULES = YES;
				CLANG_ENABLE_OBJC_ARC = YES;
				CLANG_WARN_BLOCK_CAPTURE_AUTORELEASING = YES;
				CLANG_WARN_BOOL_CONVERSION = YES;
				CLANG_WARN_COMMA = YES;
				CLANG_WARN_CONSTANT_CONVERSION = YES;
				CLANG_WARN_DIRECT_OBJC_ISA_USAGE = YES_ERROR;
				CLANG_WARN_DOCUMENTATION_COMMENTS = YES;
				CLANG_WARN_EMPTY_BODY = YES;
				CLANG_WARN_ENUM_CONVERSION = YES;
				CLANG_WARN_INFINITE_RECURSION = YES;
				CLANG_WARN_INT_CONVERSION = YES;
				CLANG_WARN_NON_LITERAL_NULL_CONVERSION = YES;
				CLANG_WARN_OBJC_LITERAL_CONVERSION = YES;
				CLANG_WARN_OBJC_ROOT_CLASS = YES_ERROR;
				CLANG_WARN_RANGE_LOOP_ANALYSIS = YES;
				CLANG_WARN_STRICT_PROTOTYPES = YES;
				CLANG_WARN_SUSPICIOUS_MOVE = YES;
				CLANG_WARN_UNGUARDED_AVAILABILITY = YES_AGGRESSIVE;
				CLANG_WARN_UNREACHABLE_CODE = YES;
				CLANG_WARN__DUPLICATE_METHOD_MATCH = YES;
				CODE_SIGN_IDENTITY = "iPhone Developer";
				COPY_PHASE_STRIP = NO;
				DEBUG_INFORMATION_FORMAT = dwarf;
				ENABLE_STRICT_OBJC_MSGSEND = YES;
				ENABLE_TESTABILITY = YES;
				GCC_C_LANGUAGE_STANDARD = gnu11;
				GCC_DYNAMIC_NO_PIC = NO;
				GCC_NO_COMMON_BLOCKS = YES;
				GCC_OPTIMIZATION_LEVEL = 0;
				GCC_PREPROCESSOR_DEFINITIONS = (
					"DEBUG=1",
					"$(inherited)",
				);
				GCC_WARN_64_TO_32_BIT_CONVERSION = YES;
				GCC_WARN_ABOUT_RETURN_TYPE = YES_ERROR;
				GCC_WARN_UNDECLARED_SELECTOR = YES;
				GCC_WARN_UNINITIALIZED_AUTOS = YES_AGGRESSIVE;
				GCC_WARN_UNUSED_FUNCTION = YES;
				GCC_WARN_UNUSED_VARIABLE = YES;
				IPHONEOS_DEPLOYMENT_TARGET = 11.2;
				MTL_ENABLE_DEBUG_INFO = YES;
				ONLY_ACTIVE_ARCH = YES;
				SDKROOT = iphoneos;
				SWIFT_ACTIVE_COMPILATION_CONDITIONS = DEBUG;
				SWIFT_OPTIMIZATION_LEVEL = "-Onone";
			};
			name = Debug;
		};
		92F81BAC1FE27702003DCA12 /* Release */ = {
			isa = XCBuildConfiguration;
			buildSettings = {
				ALWAYS_SEARCH_USER_PATHS = NO;
				CLANG_ANALYZER_NONNULL = YES;
				CLANG_ANALYZER_NUMBER_OBJECT_CONVERSION = YES_AGGRESSIVE;
				CLANG_CXX_LANGUAGE_STANDARD = "gnu++14";
				CLANG_CXX_LIBRARY = "libc++";
				CLANG_ENABLE_MODULES = YES;
				CLANG_ENABLE_OBJC_ARC = YES;
				CLANG_WARN_BLOCK_CAPTURE_AUTORELEASING = YES;
				CLANG_WARN_BOOL_CONVERSION = YES;
				CLANG_WARN_COMMA = YES;
				CLANG_WARN_CONSTANT_CONVERSION = YES;
				CLANG_WARN_DIRECT_OBJC_ISA_USAGE = YES_ERROR;
				CLANG_WARN_DOCUMENTATION_COMMENTS = YES;
				CLANG_WARN_EMPTY_BODY = YES;
				CLANG_WARN_ENUM_CONVERSION = YES;
				CLANG_WARN_INFINITE_RECURSION = YES;
				CLANG_WARN_INT_CONVERSION = YES;
				CLANG_WARN_NON_LITERAL_NULL_CONVERSION = YES;
				CLANG_WARN_OBJC_LITERAL_CONVERSION = YES;
				CLANG_WARN_OBJC_ROOT_CLASS = YES_ERROR;
				CLANG_WARN_RANGE_LOOP_ANALYSIS = YES;
				CLANG_WARN_STRICT_PROTOTYPES = YES;
				CLANG_WARN_SUSPICIOUS_MOVE = YES;
				CLANG_WARN_UNGUARDED_AVAILABILITY = YES_AGGRESSIVE;
				CLANG_WARN_UNREACHABLE_CODE = YES;
				CLANG_WARN__DUPLICATE_METHOD_MATCH = YES;
				CODE_SIGN_IDENTITY = "iPhone Developer";
				COPY_PHASE_STRIP = NO;
				DEBUG_INFORMATION_FORMAT = "dwarf-with-dsym";
				ENABLE_NS_ASSERTIONS = NO;
				ENABLE_STRICT_OBJC_MSGSEND = YES;
				GCC_C_LANGUAGE_STANDARD = gnu11;
				GCC_NO_COMMON_BLOCKS = YES;
				GCC_WARN_64_TO_32_BIT_CONVERSION = YES;
				GCC_WARN_ABOUT_RETURN_TYPE = YES_ERROR;
				GCC_WARN_UNDECLARED_SELECTOR = YES;
				GCC_WARN_UNINITIALIZED_AUTOS = YES_AGGRESSIVE;
				GCC_WARN_UNUSED_FUNCTION = YES;
				GCC_WARN_UNUSED_VARIABLE = YES;
				IPHONEOS_DEPLOYMENT_TARGET = 11.2;
				MTL_ENABLE_DEBUG_INFO = NO;
				SDKROOT = iphoneos;
				SWIFT_OPTIMIZATION_LEVEL = "-Owholemodule";
				VALIDATE_PRODUCT = YES;
			};
			name = Release;
		};
		92F81BAE1FE27702003DCA12 /* Debug */ = {
			isa = XCBuildConfiguration;
			buildSettings = {
				ASSETCATALOG_COMPILER_APPICON_NAME = AppIcon;
				CODE_SIGN_STYLE = Automatic;
				DEVELOPMENT_TEAM = 2567GLCZB3;
				INFOPLIST_FILE = ObjectDetector2/Info.plist;
				LD_RUNPATH_SEARCH_PATHS = "$(inherited) @executable_path/Frameworks";
				PRODUCT_BUNDLE_IDENTIFIER = com.torleif.me.ObjectDetector2;
				PRODUCT_NAME = "$(TARGET_NAME)";
				SWIFT_VERSION = 4.0;
				TARGETED_DEVICE_FAMILY = "1,2";
			};
			name = Debug;
		};
		92F81BAF1FE27702003DCA12 /* Release */ = {
			isa = XCBuildConfiguration;
			buildSettings = {
				ASSETCATALOG_COMPILER_APPICON_NAME = AppIcon;
				CODE_SIGN_STYLE = Automatic;
				DEVELOPMENT_TEAM = 2567GLCZB3;
				INFOPLIST_FILE = ObjectDetector2/Info.plist;
				LD_RUNPATH_SEARCH_PATHS = "$(inherited) @executable_path/Frameworks";
				PRODUCT_BUNDLE_IDENTIFIER = com.torleif.me.ObjectDetector2;
				PRODUCT_NAME = "$(TARGET_NAME)";
				SWIFT_VERSION = 4.0;
				TARGETED_DEVICE_FAMILY = "1,2";
			};
			name = Release;
		};
/* End XCBuildConfiguration section */

/* Begin XCConfigurationList section */
		92F81B961FE27702003DCA12 /* Build configuration list for PBXProject "ObjectDetector2" */ = {
			isa = XCConfigurationList;
			buildConfigurations = (
				92F81BAB1FE27702003DCA12 /* Debug */,
				92F81BAC1FE27702003DCA12 /* Release */,
			);
			defaultConfigurationIsVisible = 0;
			defaultConfigurationName = Release;
		};
		92F81BAD1FE27702003DCA12 /* Build configuration list for PBXNativeTarget "ObjectDetector2" */ = {
			isa = XCConfigurationList;
			buildConfigurations = (
				92F81BAE1FE27702003DCA12 /* Debug */,
				92F81BAF1FE27702003DCA12 /* Release */,
			);
			defaultConfigurationIsVisible = 0;
			defaultConfigurationName = Release;
		};
/* End XCConfigurationList section */
	};
	rootObject = 92F81B931FE27702003DCA12 /* Project object */;
}
